
Microsoft Visual Studio Solution File, Format Version 12.00
# Visual Studio Version 17
VisualStudioVersion = 17.3.32825.248
MinimumVisualStudioVersion = 10.0.40219.1
Project("{FAE04EC0-301F-11D3-BF4B-00C04F79EFBC}") = "newproject", "newproject\newproject.csproj", "{E1E722C4-121F-4B5E-BAEA-B5F59A3CEB0A}"
EndProject
Global
	GlobalSection(SolutionConfigurationPlatforms) = preSolution
		Debug|Any CPU = Debug|Any CPU
		Release|Any CPU = Release|Any CPU
	EndGlobalSection
	GlobalSection(ProjectConfigurationPlatforms) = postSolution
		{E1E722C4-121F-4B5E-BAEA-B5F59A3CEB0A}.Debug|Any CPU.ActiveCfg = Debug|Any CPU
		{E1E722C4-121F-4B5E-BAEA-B5F59A3CEB0A}.Debug|Any CPU.Build.0 = Debug|Any CPU
		{E1E722C4-121F-4B5E-BAEA-B5F59A3CEB0A}.Release|Any CPU.ActiveCfg = Release|Any CPU
		{E1E722C4-121F-4B5E-BAEA-B5F59A3CEB0A}.Release|Any CPU.Build.0 = Release|Any CPU
	EndGlobalSection
	GlobalSection(SolutionProperties) = preSolution
		HideSolutionNode = FALSE
	EndGlobalSection
	GlobalSection(ExtensibilityGlobals) = postSolution
		SolutionGuid = {32C970E1-375A-46B7-92DC-F46D9D56F914}
	EndGlobalSection
EndGlobal
